// !$*UTF8*$!
{
	archiveVersion = 1;
	classes = {
	};
	objectVersion = 50;
	objects = {

/* Begin PBXBuildFile section */
		1808098F24314BA8004BD025 /* AppDelegate.swift in Sources */ = {isa = PBXBuildFile; fileRef = 1808098E24314BA8004BD025 /* AppDelegate.swift */; };
		1808099124314BA8004BD025 /* SceneDelegate.swift in Sources */ = {isa = PBXBuildFile; fileRef = 1808099024314BA8004BD025 /* SceneDelegate.swift */; };
		1808099324314BA8004BD025 /* ViewController.swift in Sources */ = {isa = PBXBuildFile; fileRef = 1808099224314BA8004BD025 /* ViewController.swift */; };
		1808099624314BA8004BD025 /* Main.storyboard in Resources */ = {isa = PBXBuildFile; fileRef = 1808099424314BA8004BD025 /* Main.storyboard */; };
		1808099824314BA9004BD025 /* Assets.xcassets in Resources */ = {isa = PBXBuildFile; fileRef = 1808099724314BA9004BD025 /* Assets.xcassets */; };
		1808099B24314BA9004BD025 /* LaunchScreen.storyboard in Resources */ = {isa = PBXBuildFile; fileRef = 1808099924314BA9004BD025 /* LaunchScreen.storyboard */; };
		180809A624314BA9004BD025 /* StoriesTests.swift in Sources */ = {isa = PBXBuildFile; fileRef = 180809A524314BA9004BD025 /* StoriesTests.swift */; };
		180809B124314BA9004BD025 /* StoriesUITests.swift in Sources */ = {isa = PBXBuildFile; fileRef = 180809B024314BA9004BD025 /* StoriesUITests.swift */; };
		180809BF24314C2C004BD025 /* Story.swift in Sources */ = {isa = PBXBuildFile; fileRef = 180809BE24314C2C004BD025 /* Story.swift */; };
		180809C124314C4D004BD025 /* StoryBrain.swift in Sources */ = {isa = PBXBuildFile; fileRef = 180809C024314C4D004BD025 /* StoryBrain.swift */; };
/* End PBXBuildFile section */

/* Begin PBXContainerItemProxy section */
		180809A224314BA9004BD025 /* PBXContainerItemProxy */ = {
			isa = PBXContainerItemProxy;
			containerPortal = 1808098324314BA8004BD025 /* Project object */;
			proxyType = 1;
			remoteGlobalIDString = 1808098A24314BA8004BD025;
			remoteInfo = Stories;
		};
		180809AD24314BA9004BD025 /* PBXContainerItemProxy */ = {
			isa = PBXContainerItemProxy;
			containerPortal = 1808098324314BA8004BD025 /* Project object */;
			proxyType = 1;
			remoteGlobalIDString = 1808098A24314BA8004BD025;
			remoteInfo = Stories;
		};
/* End PBXContainerItemProxy section */

/* Begin PBXFileReference section */
		1808098B24314BA8004BD025 /* Stories.app */ = {isa = PBXFileReference; explicitFileType = wrapper.application; includeInIndex = 0; path = Stories.app; sourceTree = BUILT_PRODUCTS_DIR; };
		1808098E24314BA8004BD025 /* AppDelegate.swift */ = {isa = PBXFileReference; lastKnownFileType = sourcecode.swift; path = AppDelegate.swift; sourceTree = "<group>"; };
		1808099024314BA8004BD025 /* SceneDelegate.swift */ = {isa = PBXFileReference; lastKnownFileType = sourcecode.swift; path = SceneDelegate.swift; sourceTree = "<group>"; };
		1808099224314BA8004BD025 /* ViewController.swift */ = {isa = PBXFileReference; lastKnownFileType = sourcecode.swift; path = ViewController.swift; sourceTree = "<group>"; };
		1808099524314BA8004BD025 /* Base */ = {isa = PBXFileReference; lastKnownFileType = file.storyboard; name = Base; path = Base.lproj/Main.storyboard; sourceTree = "<group>"; };
		1808099724314BA9004BD025 /* Assets.xcassets */ = {isa = PBXFileReference; lastKnownFileType = folder.assetcatalog; path = Assets.xcassets; sourceTree = "<group>"; };
		1808099A24314BA9004BD025 /* Base */ = {isa = PBXFileReference; lastKnownFileType = file.storyboard; name = Base; path = Base.lproj/LaunchScreen.storyboard; sourceTree = "<group>"; };
		1808099C24314BA9004BD025 /* Info.plist */ = {isa = PBXFileReference; lastKnownFileType = text.plist.xml; path = Info.plist; sourceTree = "<group>"; };
		180809A124314BA9004BD025 /* StoriesTests.xctest */ = {isa = PBXFileReference; explicitFileType = wrapper.cfbundle; includeInIndex = 0; path = StoriesTests.xctest; sourceTree = BUILT_PRODUCTS_DIR; };
		180809A524314BA9004BD025 /* StoriesTests.swift */ = {isa = PBXFileReference; lastKnownFileType = sourcecode.swift; path = StoriesTests.swift; sourceTree = "<group>"; };
		180809A724314BA9004BD025 /* Info.plist */ = {isa = PBXFileReference; lastKnownFileType = text.plist.xml; path = Info.plist; sourceTree = "<group>"; };
		180809AC24314BA9004BD025 /* StoriesUITests.xctest */ = {isa = PBXFileReference; explicitFileType = wrapper.cfbundle; includeInIndex = 0; path = StoriesUITests.xctest; sourceTree = BUILT_PRODUCTS_DIR; };
		180809B024314BA9004BD025 /* StoriesUITests.swift */ = {isa = PBXFileReference; lastKnownFileType = sourcecode.swift; path = StoriesUITests.swift; sourceTree = "<group>"; };
		180809B224314BA9004BD025 /* Info.plist */ = {isa = PBXFileReference; lastKnownFileType = text.plist.xml; path = Info.plist; sourceTree = "<group>"; };
		180809BE24314C2C004BD025 /* Story.swift */ = {isa = PBXFileReference; lastKnownFileType = sourcecode.swift; path = Story.swift; sourceTree = "<group>"; };
		180809C024314C4D004BD025 /* StoryBrain.swift */ = {isa = PBXFileReference; lastKnownFileType = sourcecode.swift; path = StoryBrain.swift; sourceTree = "<group>"; };
/* End PBXFileReference section */

/* Begin PBXFrameworksBuildPhase section */
		1808098824314BA8004BD025 /* Frameworks */ = {
			isa = PBXFrameworksBuildPhase;
			buildActionMask = 2147483647;
			files = (
			);
			runOnlyForDeploymentPostprocessing = 0;
		};
		1808099E24314BA9004BD025 /* Frameworks */ = {
			isa = PBXFrameworksBuildPhase;
			buildActionMask = 2147483647;
			files = (
			);
			runOnlyForDeploymentPostprocessing = 0;
		};
		180809A924314BA9004BD025 /* Frameworks */ = {
			isa = PBXFrameworksBuildPhase;
			buildActionMask = 2147483647;
			files = (
			);
			runOnlyForDeploymentPostprocessing = 0;
		};
/* End PBXFrameworksBuildPhase section */

/* Begin PBXGroup section */
		1808098224314BA8004BD025 = {
			isa = PBXGroup;
			children = (
				1808098D24314BA8004BD025 /* Stories */,
				180809A424314BA9004BD025 /* StoriesTests */,
				180809AF24314BA9004BD025 /* StoriesUITests */,
				1808098C24314BA8004BD025 /* Products */,
			);
			sourceTree = "<group>";
		};
		1808098C24314BA8004BD025 /* Products */ = {
			isa = PBXGroup;
			children = (
				1808098B24314BA8004BD025 /* Stories.app */,
				180809A124314BA9004BD025 /* StoriesTests.xctest */,
				180809AC24314BA9004BD025 /* StoriesUITests.xctest */,
			);
			name = Products;
			sourceTree = "<group>";
		};
		1808098D24314BA8004BD025 /* Stories */ = {
			isa = PBXGroup;
			children = (
				1808098E24314BA8004BD025 /* AppDelegate.swift */,
				1808099024314BA8004BD025 /* SceneDelegate.swift */,
				1808099224314BA8004BD025 /* ViewController.swift */,
				180809BE24314C2C004BD025 /* Story.swift */,
				180809C024314C4D004BD025 /* StoryBrain.swift */,
				1808099424314BA8004BD025 /* Main.storyboard */,
				1808099724314BA9004BD025 /* Assets.xcassets */,
				1808099924314BA9004BD025 /* LaunchScreen.storyboard */,
				1808099C24314BA9004BD025 /* Info.plist */,
			);
			path = Stories;
			sourceTree = "<group>";
		};
		180809A424314BA9004BD025 /* StoriesTests */ = {
			isa = PBXGroup;
			children = (
				180809A524314BA9004BD025 /* StoriesTests.swift */,
				180809A724314BA9004BD025 /* Info.plist */,
			);
			path = StoriesTests;
			sourceTree = "<group>";
		};
		180809AF24314BA9004BD025 /* StoriesUITests */ = {
			isa = PBXGroup;
			children = (
				180809B024314BA9004BD025 /* StoriesUITests.swift */,
				180809B224314BA9004BD025 /* Info.plist */,
			);
			path = StoriesUITests;
			sourceTree = "<group>";
		};
/* End PBXGroup section */

/* Begin PBXNativeTarget section */
		1808098A24314BA8004BD025 /* Stories */ = {
			isa = PBXNativeTarget;
			buildConfigurationList = 180809B524314BA9004BD025 /* Build configuration list for PBXNativeTarget "Stories" */;
			buildPhases = (
				1808098724314BA8004BD025 /* Sources */,
				1808098824314BA8004BD025 /* Frameworks */,
				1808098924314BA8004BD025 /* Resources */,
			);
			buildRules = (
			);
			dependencies = (
			);
			name = Stories;
			productName = Stories;
			productReference = 1808098B24314BA8004BD025 /* Stories.app */;
			productType = "com.apple.product-type.application";
		};
		180809A024314BA9004BD025 /* StoriesTests */ = {
			isa = PBXNativeTarget;
			buildConfigurationList = 180809B824314BA9004BD025 /* Build configuration list for PBXNativeTarget "StoriesTests" */;
			buildPhases = (
				1808099D24314BA9004BD025 /* Sources */,
				1808099E24314BA9004BD025 /* Frameworks */,
				1808099F24314BA9004BD025 /* Resources */,
			);
			buildRules = (
			);
			dependencies = (
				180809A324314BA9004BD025 /* PBXTargetDependency */,
			);
			name = StoriesTests;
			productName = StoriesTests;
			productReference = 180809A124314BA9004BD025 /* StoriesTests.xctest */;
			productType = "com.apple.product-type.bundle.unit-test";
		};
		180809AB24314BA9004BD025 /* StoriesUITests */ = {
			isa = PBXNativeTarget;
			buildConfigurationList = 180809BB24314BA9004BD025 /* Build configuration list for PBXNativeTarget "StoriesUITests" */;
			buildPhases = (
				180809A824314BA9004BD025 /* Sources */,
				180809A924314BA9004BD025 /* Frameworks */,
				180809AA24314BA9004BD025 /* Resources */,
			);
			buildRules = (
			);
			dependencies = (
				180809AE24314BA9004BD025 /* PBXTargetDependency */,
			);
			name = StoriesUITests;
			productName = StoriesUITests;
			productReference = 180809AC24314BA9004BD025 /* StoriesUITests.xctest */;
			productType = "com.apple.product-type.bundle.ui-testing";
		};
/* End PBXNativeTarget section */

/* Begin PBXProject section */
		1808098324314BA8004BD025 /* Project object */ = {
			isa = PBXProject;
			attributes = {
				LastSwiftUpdateCheck = 1140;
				LastUpgradeCheck = 1140;
				ORGANIZATIONNAME = Apple;
				TargetAttributes = {
					1808098A24314BA8004BD025 = {
						CreatedOnToolsVersion = 11.4;
					};
					180809A024314BA9004BD025 = {
						CreatedOnToolsVersion = 11.4;
						TestTargetID = 1808098A24314BA8004BD025;
					};
					180809AB24314BA9004BD025 = {
						CreatedOnToolsVersion = 11.4;
						TestTargetID = 1808098A24314BA8004BD025;
					};
				};
			};
			buildConfigurationList = 1808098624314BA8004BD025 /* Build configuration list for PBXProject "Stories" */;
			compatibilityVersion = "Xcode 9.3";
			developmentRegion = en;
			hasScannedForEncodings = 0;
			knownRegions = (
				en,
				Base,
			);
			mainGroup = 1808098224314BA8004BD025;
			productRefGroup = 1808098C24314BA8004BD025 /* Products */;
			projectDirPath = "";
			projectRoot = "";
			targets = (
				1808098A24314BA8004BD025 /* Stories */,
				180809A024314BA9004BD025 /* StoriesTests */,
				180809AB24314BA9004BD025 /* StoriesUITests */,
			);
		};
/* End PBXProject section */

/* Begin PBXResourcesBuildPhase section */
		1808098924314BA8004BD025 /* Resources */ = {
			isa = PBXResourcesBuildPhase;
			buildActionMask = 2147483647;
			files = (
				1808099B24314BA9004BD025 /* LaunchScreen.storyboard in Resources */,
				1808099824314BA9004BD025 /* Assets.xcassets in Resources */,
				1808099624314BA8004BD025 /* Main.storyboard in Resources */,
			);
			runOnlyForDeploymentPostprocessing = 0;
		};
		1808099F24314BA9004BD025 /* Resources */ = {
			isa = PBXResourcesBuildPhase;
			buildActionMask = 2147483647;
			files = (
			);
			runOnlyForDeploymentPostprocessing = 0;
		};
		180809AA24314BA9004BD025 /* Resources */ = {
			isa = PBXResourcesBuildPhase;
			buildActionMask = 2147483647;
			files = (
			);
			runOnlyForDeploymentPostprocessing = 0;
		};
/* End PBXResourcesBuildPhase section */

/* Begin PBXSourcesBuildPhase section */
		1808098724314BA8004BD025 /* Sources */ = {
			isa = PBXSourcesBuildPhase;
			buildActionMask = 2147483647;
			files = (
				180809C124314C4D004BD025 /* StoryBrain.swift in Sources */,
				1808099324314BA8004BD025 /* ViewController.swift in Sources */,
				1808098F24314BA8004BD025 /* AppDelegate.swift in Sources */,
				1808099124314BA8004BD025 /* SceneDelegate.swift in Sources */,
				180809BF24314C2C004BD025 /* Story.swift in Sources */,
			);
			runOnlyForDeploymentPostprocessing = 0;
		};
		1808099D24314BA9004BD025 /* Sources */ = {
			isa = PBXSourcesBuildPhase;
			buildActionMask = 2147483647;
			files = (
				180809A624314BA9004BD025 /* StoriesTests.swift in Sources */,
			);
			runOnlyForDeploymentPostprocessing = 0;
		};
		180809A824314BA9004BD025 /* Sources */ = {
			isa = PBXSourcesBuildPhase;
			buildActionMask = 2147483647;
			files = (
				180809B124314BA9004BD025 /* StoriesUITests.swift in Sources */,
			);
			runOnlyForDeploymentPostprocessing = 0;
		};
/* End PBXSourcesBuildPhase section */

/* Begin PBXTargetDependency section */
		180809A324314BA9004BD025 /* PBXTargetDependency */ = {
			isa = PBXTargetDependency;
			target = 1808098A24314BA8004BD025 /* Stories */;
			targetProxy = 180809A224314BA9004BD025 /* PBXContainerItemProxy */;
		};
		180809AE24314BA9004BD025 /* PBXTargetDependency */ = {
			isa = PBXTargetDependency;
			target = 1808098A24314BA8004BD025 /* Stories */;
			targetProxy = 180809AD24314BA9004BD025 /* PBXContainerItemProxy */;
		};
/* End PBXTargetDependency section */

/* Begin PBXVariantGroup section */
		1808099424314BA8004BD025 /* Main.storyboard */ = {
			isa = PBXVariantGroup;
			children = (
				1808099524314BA8004BD025 /* Base */,
			);
			name = Main.storyboard;
			sourceTree = "<group>";
		};
		1808099924314BA9004BD025 /* LaunchScreen.storyboard */ = {
			isa = PBXVariantGroup;
			children = (
				1808099A24314BA9004BD025 /* Base */,
			);
			name = LaunchScreen.storyboard;
			sourceTree = "<group>";
		};
/* End PBXVariantGroup section */

/* Begin XCBuildConfiguration section */
		180809B324314BA9004BD025 /* Debug */ = {
			isa = XCBuildConfiguration;
			buildSettings = {
				ALWAYS_SEARCH_USER_PATHS = NO;
				CLANG_ANALYZER_NONNULL = YES;
				CLANG_ANALYZER_NUMBER_OBJECT_CONVERSION = YES_AGGRESSIVE;
				CLANG_CXX_LANGUAGE_STANDARD = "gnu++14";
				CLANG_CXX_LIBRARY = "libc++";
				CLANG_ENABLE_MODULES = YES;
				CLANG_ENABLE_OBJC_ARC = YES;
				CLANG_ENABLE_OBJC_WEAK = YES;
				CLANG_WARN_BLOCK_CAPTURE_AUTORELEASING = YES;
				CLANG_WARN_BOOL_CONVERSION = YES;
				CLANG_WARN_COMMA = YES;
				CLANG_WARN_CONSTANT_CONVERSION = YES;
				CLANG_WARN_DEPRECATED_OBJC_IMPLEMENTATIONS = YES;
				CLANG_WARN_DIRECT_OBJC_ISA_USAGE = YES_ERROR;
				CLANG_WARN_DOCUMENTATION_COMMENTS = YES;
				CLANG_WARN_EMPTY_BODY = YES;
				CLANG_WARN_ENUM_CONVERSION = YES;
				CLANG_WARN_INFINITE_RECURSION = YES;
				CLANG_WARN_INT_CONVERSION = YES;
				CLANG_WARN_NON_LITERAL_NULL_CONVERSION = YES;
				CLANG_WARN_OBJC_IMPLICIT_RETAIN_SELF = YES;
				CLANG_WARN_OBJC_LITERAL_CONVERSION = YES;
				CLANG_WARN_OBJC_ROOT_CLASS = YES_ERROR;
				CLANG_WARN_RANGE_LOOP_ANALYSIS = YES;
				CLANG_WARN_STRICT_PROTOTYPES = YES;
				CLANG_WARN_SUSPICIOUS_MOVE = YES;
				CLANG_WARN_UNGUARDED_AVAILABILITY = YES_AGGRESSIVE;
				CLANG_WARN_UNREACHABLE_CODE = YES;
				CLANG_WARN__DUPLICATE_METHOD_MATCH = YES;
				COPY_PHASE_STRIP = NO;
				DEBUG_INFORMATION_FORMAT = dwarf;
				ENABLE_STRICT_OBJC_MSGSEND = YES;
				ENABLE_TESTABILITY = YES;
				GCC_C_LANGUAGE_STANDARD = gnu11;
				GCC_DYNAMIC_NO_PIC = NO;
				GCC_NO_COMMON_BLOCKS = YES;
				GCC_OPTIMIZATION_LEVEL = 0;
				GCC_PREPROCESSOR_DEFINITIONS = (
					"DEBUG=1",
					"$(inherited)",
				);
				GCC_WARN_64_TO_32_BIT_CONVERSION = YES;
				GCC_WARN_ABOUT_RETURN_TYPE = YES_ERROR;
				GCC_WARN_UNDECLARED_SELECTOR = YES;
				GCC_WARN_UNINITIALIZED_AUTOS = YES_AGGRESSIVE;
				GCC_WARN_UNUSED_FUNCTION = YES;
				GCC_WARN_UNUSED_VARIABLE = YES;
				IPHONEOS_DEPLOYMENT_TARGET = 13.4;
				MTL_ENABLE_DEBUG_INFO = INCLUDE_SOURCE;
				MTL_FAST_MATH = YES;
				ONLY_ACTIVE_ARCH = YES;
				SDKROOT = iphoneos;
				SWIFT_ACTIVE_COMPILATION_CONDITIONS = DEBUG;
				SWIFT_OPTIMIZATION_LEVEL = "-Onone";
			};
			name = Debug;
		};
		180809B424314BA9004BD025 /* Release */ = {
			isa = XCBuildConfiguration;
			buildSettings = {
				ALWAYS_SEARCH_USER_PATHS = NO;
				CLANG_ANALYZER_NONNULL = YES;
				CLANG_ANALYZER_NUMBER_OBJECT_CONVERSION = YES_AGGRESSIVE;
				CLANG_CXX_LANGUAGE_STANDARD = "gnu++14";
				CLANG_CXX_LIBRARY = "libc++";
				CLANG_ENABLE_MODULES = YES;
				CLANG_ENABLE_OBJC_ARC = YES;
				CLANG_ENABLE_OBJC_WEAK = YES;
				CLANG_WARN_BLOCK_CAPTURE_AUTORELEASING = YES;
				CLANG_WARN_BOOL_CONVERSION = YES;
				CLANG_WARN_COMMA = YES;
				CLANG_WARN_CONSTANT_CONVERSION = YES;
				CLANG_WARN_DEPRECATED_OBJC_IMPLEMENTATIONS = YES;
				CLANG_WARN_DIRECT_OBJC_ISA_USAGE = YES_ERROR;
				CLANG_WARN_DOCUMENTATION_COMMENTS = YES;
				CLANG_WARN_EMPTY_BODY = YES;
				CLANG_WARN_ENUM_CONVERSION = YES;
				CLANG_WARN_INFINITE_RECURSION = YES;
				CLANG_WARN_INT_CONVERSION = YES;
				CLANG_WARN_NON_LITERAL_NULL_CONVERSION = YES;
				CLANG_WARN_OBJC_IMPLICIT_RETAIN_SELF = YES;
				CLANG_WARN_OBJC_LITERAL_CONVERSION = YES;
				CLANG_WARN_OBJC_ROOT_CLASS = YES_ERROR;
				CLANG_WARN_RANGE_LOOP_ANALYSIS = YES;
				CLANG_WARN_STRICT_PROTOTYPES = YES;
				CLANG_WARN_SUSPICIOUS_MOVE = YES;
				CLANG_WARN_UNGUARDED_AVAILABILITY = YES_AGGRESSIVE;
				CLANG_WARN_UNREACHABLE_CODE = YES;
				CLANG_WARN__DUPLICATE_METHOD_MATCH = YES;
				COPY_PHASE_STRIP = NO;
				DEBUG_INFORMATION_FORMAT = "dwarf-with-dsym";
				ENABLE_NS_ASSERTIONS = NO;
				ENABLE_STRICT_OBJC_MSGSEND = YES;
				GCC_C_LANGUAGE_STANDARD = gnu11;
				GCC_NO_COMMON_BLOCKS = YES;
				GCC_WARN_64_TO_32_BIT_CONVERSION = YES;
				GCC_WARN_ABOUT_RETURN_TYPE = YES_ERROR;
				GCC_WARN_UNDECLARED_SELECTOR = YES;
				GCC_WARN_UNINITIALIZED_AUTOS = YES_AGGRESSIVE;
				GCC_WARN_UNUSED_FUNCTION = YES;
				GCC_WARN_UNUSED_VARIABLE = YES;
				IPHONEOS_DEPLOYMENT_TARGET = 13.4;
				MTL_ENABLE_DEBUG_INFO = NO;
				MTL_FAST_MATH = YES;
				SDKROOT = iphoneos;
				SWIFT_COMPILATION_MODE = wholemodule;
				SWIFT_OPTIMIZATION_LEVEL = "-O";
				VALIDATE_PRODUCT = YES;
			};
			name = Release;
		};
		180809B624314BA9004BD025 /* Debug */ = {
			isa = XCBuildConfiguration;
			buildSettings = {
				ASSETCATALOG_COMPILER_APPICON_NAME = AppIcon;
				CODE_SIGN_STYLE = Automatic;
				INFOPLIST_FILE = Stories/Info.plist;
				LD_RUNPATH_SEARCH_PATHS = (
					"$(inherited)",
					"@executable_path/Frameworks",
				);
				PRODUCT_BUNDLE_IDENTIFIER = spot.Stories;
				PRODUCT_NAME = "$(TARGET_NAME)";
				SWIFT_VERSION = 5.0;
				TARGETED_DEVICE_FAMILY = "1,2";
			};
			name = Debug;
		};
		180809B724314BA9004BD025 /* Release */ = {
			isa = XCBuildConfiguration;
			buildSettings = {
				ASSETCATALOG_COMPILER_APPICON_NAME = AppIcon;
				CODE_SIGN_STYLE = Automatic;
				INFOPLIST_FILE = Stories/Info.plist;
				LD_RUNPATH_SEARCH_PATHS = (
					"$(inherited)",
					"@executable_path/Frameworks",
				);
				PRODUCT_BUNDLE_IDENTIFIER = spot.Stories;
				PRODUCT_NAME = "$(TARGET_NAME)";
				SWIFT_VERSION = 5.0;
				TARGETED_DEVICE_FAMILY = "1,2";
			};
			name = Release;
		};
		180809B924314BA9004BD025 /* Debug */ = {
			isa = XCBuildConfiguration;
			buildSettings = {
				ALWAYS_EMBED_SWIFT_STANDARD_LIBRARIES = YES;
				BUNDLE_LOADER = "$(TEST_HOST)";
				CODE_SIGN_STYLE = Automatic;
				INFOPLIST_FILE = StoriesTests/Info.plist;
				IPHONEOS_DEPLOYMENT_TARGET = 13.4;
				LD_RUNPATH_SEARCH_PATHS = (
					"$(inherited)",
					"@executable_path/Frameworks",
					"@loader_path/Frameworks",
				);
				PRODUCT_BUNDLE_IDENTIFIER = spot.StoriesTests;
				PRODUCT_NAME = "$(TARGET_NAME)";
				SWIFT_VERSION = 5.0;
				TARGETED_DEVICE_FAMILY = "1,2";
				TEST_HOST = "$(BUILT_PRODUCTS_DIR)/Stories.app/Stories";
			};
			name = Debug;
		};
		180809BA24314BA9004BD025 /* Release */ = {
			isa = XCBuildConfiguration;
			buildSettings = {
				ALWAYS_EMBED_SWIFT_STANDARD_LIBRARIES = YES;
				BUNDLE_LOADER = "$(TEST_HOST)";
				CODE_SIGN_STYLE = Automatic;
				INFOPLIST_FILE = StoriesTests/Info.plist;
				IPHONEOS_DEPLOYMENT_TARGET = 13.4;
				LD_RUNPATH_SEARCH_PATHS = (
					"$(inherited)",
					"@executable_path/Frameworks",
					"@loader_path/Frameworks",
				);
				PRODUCT_BUNDLE_IDENTIFIER = spot.StoriesTests;
				PRODUCT_NAME = "$(TARGET_NAME)";
				SWIFT_VERSION = 5.0;
				TARGETED_DEVICE_FAMILY = "1,2";
				TEST_HOST = "$(BUILT_PRODUCTS_DIR)/Stories.app/Stories";
			};
			name = Release;
		};
		180809BC24314BA9004BD025 /* Debug */ = {
			isa = XCBuildConfiguration;
			buildSettings = {
				ALWAYS_EMBED_SWIFT_STANDARD_LIBRARIES = YES;
				CODE_SIGN_STYLE = Automatic;
				INFOPLIST_FILE = StoriesUITests/Info.plist;
				LD_RUNPATH_SEARCH_PATHS = (
					"$(inherited)",
					"@executable_path/Frameworks",
					"@loader_path/Frameworks",
				);
				PRODUCT_BUNDLE_IDENTIFIER = spot.StoriesUITests;
				PRODUCT_NAME = "$(TARGET_NAME)";
				SWIFT_VERSION = 5.0;
				TARGETED_DEVICE_FAMILY = "1,2";
				TEST_TARGET_NAME = Stories;
			};
			name = Debug;
		};
		180809BD24314BA9004BD025 /* Release */ = {
			isa = XCBuildConfiguration;
			buildSettings = {
				ALWAYS_EMBED_SWIFT_STANDARD_LIBRARIES = YES;
				CODE_SIGN_STYLE = Automatic;
				INFOPLIST_FILE = StoriesUITests/Info.plist;
				LD_RUNPATH_SEARCH_PATHS = (
					"$(inherited)",
					"@executable_path/Frameworks",
					"@loader_path/Frameworks",
				);
				PRODUCT_BUNDLE_IDENTIFIER = spot.StoriesUITests;
				PRODUCT_NAME = "$(TARGET_NAME)";
				SWIFT_VERSION = 5.0;
				TARGETED_DEVICE_FAMILY = "1,2";
				TEST_TARGET_NAME = Stories;
			};
			name = Release;
		};
/* End XCBuildConfiguration section */

/* Begin XCConfigurationList section */
		1808098624314BA8004BD025 /* Build configuration list for PBXProject "Stories" */ = {
			isa = XCConfigurationList;
			buildConfigurations = (
				180809B324314BA9004BD025 /* Debug */,
				180809B424314BA9004BD025 /* Release */,
			);
			defaultConfigurationIsVisible = 0;
			defaultConfigurationName = Release;
		};
		180809B524314BA9004BD025 /* Build configuration list for PBXNativeTarget "Stories" */ = {
			isa = XCConfigurationList;
			buildConfigurations = (
				180809B624314BA9004BD025 /* Debug */,
				180809B724314BA9004BD025 /* Release */,
			);
			defaultConfigurationIsVisible = 0;
			defaultConfigurationName = Release;
		};
		180809B824314BA9004BD025 /* Build configuration list for PBXNativeTarget "StoriesTests" */ = {
			isa = XCConfigurationList;
			buildConfigurations = (
				180809B924314BA9004BD025 /* Debug */,
				180809BA24314BA9004BD025 /* Release */,
			);
			defaultConfigurationIsVisible = 0;
			defaultConfigurationName = Release;
		};
		180809BB24314BA9004BD025 /* Build configuration list for PBXNativeTarget "StoriesUITests" */ = {
			isa = XCConfigurationList;
			buildConfigurations = (
				180809BC24314BA9004BD025 /* Debug */,
				180809BD24314BA9004BD025 /* Release */,
			);
			defaultConfigurationIsVisible = 0;
			defaultConfigurationName = Release;
		};
/* End XCConfigurationList section */
	};
	rootObject = 1808098324314BA8004BD025 /* Project object */;
}
